
Microsoft Visual Studio Solution File, Format Version 12.00
# Visual Studio 15
VisualStudioVersion = 15.0.28307.106
MinimumVisualStudioVersion = 10.0.40219.1
Project("{FAE04EC0-301F-11D3-BF4B-00C04F79EFBC}") = "azure-532-lab", "azure-532-lab\azure-532-lab.csproj", "{D51631AC-1290-4AEA-81EC-7519D0F30BAD}"
EndProject
Global
	GlobalSection(SolutionConfigurationPlatforms) = preSolution
		Debug|Any CPU = Debug|Any CPU
		Release|Any CPU = Release|Any CPU
	EndGlobalSection
	GlobalSection(ProjectConfigurationPlatforms) = postSolution
		{D51631AC-1290-4AEA-81EC-7519D0F30BAD}.Debug|Any CPU.ActiveCfg = Debug|Any CPU
		{D51631AC-1290-4AEA-81EC-7519D0F30BAD}.Debug|Any CPU.Build.0 = Debug|Any CPU
		{D51631AC-1290-4AEA-81EC-7519D0F30BAD}.Release|Any CPU.ActiveCfg = Release|Any CPU
		{D51631AC-1290-4AEA-81EC-7519D0F30BAD}.Release|Any CPU.Build.0 = Release|Any CPU
	EndGlobalSection
	GlobalSection(SolutionProperties) = preSolution
		HideSolutionNode = FALSE
	EndGlobalSection
	GlobalSection(ExtensibilityGlobals) = postSolution
		SolutionGuid = {14E5B44D-201E-4CA2-AD04-F04FBFEF93ED}
	EndGlobalSection
EndGlobal
